
Microsoft Visual Studio Solution File, Format Version 12.00
# Visual Studio Version 16
VisualStudioVersion = 16.0.29806.167
MinimumVisualStudioVersion = 10.0.40219.1
Project("{FAE04EC0-301F-11D3-BF4B-00C04F79EFBC}") = "WorkflowActivity", "WorkflowActivity\WorkflowActivity.csproj", "{490FCE15-2E9A-4DDF-A0F5-96BFFCD6CA8B}"
EndProject
Global
	GlobalSection(SolutionConfigurationPlatforms) = preSolution
		Debug|Any CPU = Debug|Any CPU
		Release|Any CPU = Release|Any CPU
	EndGlobalSection
	GlobalSection(ProjectConfigurationPlatforms) = postSolution
		{490FCE15-2E9A-4DDF-A0F5-96BFFCD6CA8B}.Debug|Any CPU.ActiveCfg = Debug|Any CPU
		{490FCE15-2E9A-4DDF-A0F5-96BFFCD6CA8B}.Debug|Any CPU.Build.0 = Debug|Any CPU
		{490FCE15-2E9A-4DDF-A0F5-96BFFCD6CA8B}.Release|Any CPU.ActiveCfg = Release|Any CPU
		{490FCE15-2E9A-4DDF-A0F5-96BFFCD6CA8B}.Release|Any CPU.Build.0 = Release|Any CPU
	EndGlobalSection
	GlobalSection(SolutionProperties) = preSolution
		HideSolutionNode = FALSE
	EndGlobalSection
	GlobalSection(ExtensibilityGlobals) = postSolution
		SolutionGuid = {225D7FFE-66FB-4611-8D79-42B227279F7C}
	EndGlobalSection
EndGlobal
